// !$*UTF8*$!
{
	archiveVersion = 1;
	classes = {
	};
	objectVersion = 50;
	objects = {

/* Begin PBXBuildFile section */
		B689CD9B23EFF50600009828 /* AppDelegate.swift in Sources */ = {isa = PBXBuildFile; fileRef = B689CD9A23EFF50600009828 /* AppDelegate.swift */; };
		B689CD9D23EFF50600009828 /* SceneDelegate.swift in Sources */ = {isa = PBXBuildFile; fileRef = B689CD9C23EFF50600009828 /* SceneDelegate.swift */; };
		B689CD9F23EFF50600009828 /* ViewController.swift in Sources */ = {isa = PBXBuildFile; fileRef = B689CD9E23EFF50600009828 /* ViewController.swift */; };
		B689CDA223EFF50600009828 /* Main.storyboard in Resources */ = {isa = PBXBuildFile; fileRef = B689CDA023EFF50600009828 /* Main.storyboard */; };
		B689CDA423EFF50A00009828 /* Assets.xcassets in Resources */ = {isa = PBXBuildFile; fileRef = B689CDA323EFF50A00009828 /* Assets.xcassets */; };
		B689CDA723EFF50A00009828 /* LaunchScreen.storyboard in Resources */ = {isa = PBXBuildFile; fileRef = B689CDA523EFF50A00009828 /* LaunchScreen.storyboard */; };
		B689CDB223EFF50A00009828 /* SampleAppTests.swift in Sources */ = {isa = PBXBuildFile; fileRef = B689CDB123EFF50A00009828 /* SampleAppTests.swift */; };
		B689CDBD23EFF50A00009828 /* SampleAppUITests.swift in Sources */ = {isa = PBXBuildFile; fileRef = B689CDBC23EFF50A00009828 /* SampleAppUITests.swift */; };
/* End PBXBuildFile section */

/* Begin PBXContainerItemProxy section */
		B689CDAE23EFF50A00009828 /* PBXContainerItemProxy */ = {
			isa = PBXContainerItemProxy;
			containerPortal = B689CD8F23EFF50600009828 /* Project object */;
			proxyType = 1;
			remoteGlobalIDString = B689CD9623EFF50600009828;
			remoteInfo = SampleApp;
		};
		B689CDB923EFF50A00009828 /* PBXContainerItemProxy */ = {
			isa = PBXContainerItemProxy;
			containerPortal = B689CD8F23EFF50600009828 /* Project object */;
			proxyType = 1;
			remoteGlobalIDString = B689CD9623EFF50600009828;
			remoteInfo = SampleApp;
		};
/* End PBXContainerItemProxy section */

/* Begin PBXFileReference section */
		B689CD9723EFF50600009828 /* SampleApp.app */ = {isa = PBXFileReference; explicitFileType = wrapper.application; includeInIndex = 0; path = SampleApp.app; sourceTree = BUILT_PRODUCTS_DIR; };
		B689CD9A23EFF50600009828 /* AppDelegate.swift */ = {isa = PBXFileReference; lastKnownFileType = sourcecode.swift; path = AppDelegate.swift; sourceTree = "<group>"; };
		B689CD9C23EFF50600009828 /* SceneDelegate.swift */ = {isa = PBXFileReference; lastKnownFileType = sourcecode.swift; path = SceneDelegate.swift; sourceTree = "<group>"; };
		B689CD9E23EFF50600009828 /* ViewController.swift */ = {isa = PBXFileReference; lastKnownFileType = sourcecode.swift; path = ViewController.swift; sourceTree = "<group>"; };
		B689CDA123EFF50600009828 /* Base */ = {isa = PBXFileReference; lastKnownFileType = file.storyboard; name = Base; path = Base.lproj/Main.storyboard; sourceTree = "<group>"; };
		B689CDA323EFF50A00009828 /* Assets.xcassets */ = {isa = PBXFileReference; lastKnownFileType = folder.assetcatalog; path = Assets.xcassets; sourceTree = "<group>"; };
		B689CDA623EFF50A00009828 /* Base */ = {isa = PBXFileReference; lastKnownFileType = file.storyboard; name = Base; path = Base.lproj/LaunchScreen.storyboard; sourceTree = "<group>"; };
		B689CDA823EFF50A00009828 /* Info.plist */ = {isa = PBXFileReference; lastKnownFileType = text.plist.xml; path = Info.plist; sourceTree = "<group>"; };
		B689CDAD23EFF50A00009828 /* SampleAppTests.xctest */ = {isa = PBXFileReference; explicitFileType = wrapper.cfbundle; includeInIndex = 0; path = SampleAppTests.xctest; sourceTree = BUILT_PRODUCTS_DIR; };
		B689CDB123EFF50A00009828 /* SampleAppTests.swift */ = {isa = PBXFileReference; lastKnownFileType = sourcecode.swift; path = SampleAppTests.swift; sourceTree = "<group>"; };
		B689CDB323EFF50A00009828 /* Info.plist */ = {isa = PBXFileReference; lastKnownFileType = text.plist.xml; path = Info.plist; sourceTree = "<group>"; };
		B689CDB823EFF50A00009828 /* SampleAppUITests.xctest */ = {isa = PBXFileReference; explicitFileType = wrapper.cfbundle; includeInIndex = 0; path = SampleAppUITests.xctest; sourceTree = BUILT_PRODUCTS_DIR; };
		B689CDBC23EFF50A00009828 /* SampleAppUITests.swift */ = {isa = PBXFileReference; lastKnownFileType = sourcecode.swift; path = SampleAppUITests.swift; sourceTree = "<group>"; };
		B689CDBE23EFF50A00009828 /* Info.plist */ = {isa = PBXFileReference; lastKnownFileType = text.plist.xml; path = Info.plist; sourceTree = "<group>"; };
/* End PBXFileReference section */

/* Begin PBXFrameworksBuildPhase section */
		B689CD9423EFF50600009828 /* Frameworks */ = {
			isa = PBXFrameworksBuildPhase;
			buildActionMask = 2147483647;
			files = (
			);
			runOnlyForDeploymentPostprocessing = 0;
		};
		B689CDAA23EFF50A00009828 /* Frameworks */ = {
			isa = PBXFrameworksBuildPhase;
			buildActionMask = 2147483647;
			files = (
			);
			runOnlyForDeploymentPostprocessing = 0;
		};
		B689CDB523EFF50A00009828 /* Frameworks */ = {
			isa = PBXFrameworksBuildPhase;
			buildActionMask = 2147483647;
			files = (
			);
			runOnlyForDeploymentPostprocessing = 0;
		};
/* End PBXFrameworksBuildPhase section */

/* Begin PBXGroup section */
		B689CD8E23EFF50600009828 = {
			isa = PBXGroup;
			children = (
				B689CD9923EFF50600009828 /* SampleApp */,
				B689CDB023EFF50A00009828 /* SampleAppTests */,
				B689CDBB23EFF50A00009828 /* SampleAppUITests */,
				B689CD9823EFF50600009828 /* Products */,
			);
			sourceTree = "<group>";
		};
		B689CD9823EFF50600009828 /* Products */ = {
			isa = PBXGroup;
			children = (
				B689CD9723EFF50600009828 /* SampleApp.app */,
				B689CDAD23EFF50A00009828 /* SampleAppTests.xctest */,
				B689CDB823EFF50A00009828 /* SampleAppUITests.xctest */,
			);
			name = Products;
			sourceTree = "<group>";
		};
		B689CD9923EFF50600009828 /* SampleApp */ = {
			isa = PBXGroup;
			children = (
				B689CD9A23EFF50600009828 /* AppDelegate.swift */,
				B689CD9C23EFF50600009828 /* SceneDelegate.swift */,
				B689CD9E23EFF50600009828 /* ViewController.swift */,
				B689CDA023EFF50600009828 /* Main.storyboard */,
				B689CDA323EFF50A00009828 /* Assets.xcassets */,
				B689CDA523EFF50A00009828 /* LaunchScreen.storyboard */,
				B689CDA823EFF50A00009828 /* Info.plist */,
			);
			path = SampleApp;
			sourceTree = "<group>";
		};
		B689CDB023EFF50A00009828 /* SampleAppTests */ = {
			isa = PBXGroup;
			children = (
				B689CDB123EFF50A00009828 /* SampleAppTests.swift */,
				B689CDB323EFF50A00009828 /* Info.plist */,
			);
			path = SampleAppTests;
			sourceTree = "<group>";
		};
		B689CDBB23EFF50A00009828 /* SampleAppUITests */ = {
			isa = PBXGroup;
			children = (
				B689CDBC23EFF50A00009828 /* SampleAppUITests.swift */,
				B689CDBE23EFF50A00009828 /* Info.plist */,
			);
			path = SampleAppUITests;
			sourceTree = "<group>";
		};
/* End PBXGroup section */

/* Begin PBXNativeTarget section */
		B689CD9623EFF50600009828 /* SampleApp */ = {
			isa = PBXNativeTarget;
			buildConfigurationList = B689CDC123EFF50A00009828 /* Build configuration list for PBXNativeTarget "SampleApp" */;
			buildPhases = (
				B689CD9323EFF50600009828 /* Sources */,
				B689CD9423EFF50600009828 /* Frameworks */,
				B689CD9523EFF50600009828 /* Resources */,
			);
			buildRules = (
			);
			dependencies = (
			);
			name = SampleApp;
			productName = SampleApp;
			productReference = B689CD9723EFF50600009828 /* SampleApp.app */;
			productType = "com.apple.product-type.application";
		};
		B689CDAC23EFF50A00009828 /* SampleAppTests */ = {
			isa = PBXNativeTarget;
			buildConfigurationList = B689CDC423EFF50A00009828 /* Build configuration list for PBXNativeTarget "SampleAppTests" */;
			buildPhases = (
				B689CDA923EFF50A00009828 /* Sources */,
				B689CDAA23EFF50A00009828 /* Frameworks */,
				B689CDAB23EFF50A00009828 /* Resources */,
			);
			buildRules = (
			);
			dependencies = (
				B689CDAF23EFF50A00009828 /* PBXTargetDependency */,
			);
			name = SampleAppTests;
			productName = SampleAppTests;
			productReference = B689CDAD23EFF50A00009828 /* SampleAppTests.xctest */;
			productType = "com.apple.product-type.bundle.unit-test";
		};
		B689CDB723EFF50A00009828 /* SampleAppUITests */ = {
			isa = PBXNativeTarget;
			buildConfigurationList = B689CDC723EFF50A00009828 /* Build configuration list for PBXNativeTarget "SampleAppUITests" */;
			buildPhases = (
				B689CDB423EFF50A00009828 /* Sources */,
				B689CDB523EFF50A00009828 /* Frameworks */,
				B689CDB623EFF50A00009828 /* Resources */,
			);
			buildRules = (
			);
			dependencies = (
				B689CDBA23EFF50A00009828 /* PBXTargetDependency */,
			);
			name = SampleAppUITests;
			productName = SampleAppUITests;
			productReference = B689CDB823EFF50A00009828 /* SampleAppUITests.xctest */;
			productType = "com.apple.product-type.bundle.ui-testing";
		};
/* End PBXNativeTarget section */

/* Begin PBXProject section */
		B689CD8F23EFF50600009828 /* Project object */ = {
			isa = PBXProject;
			attributes = {
				LastSwiftUpdateCheck = 1130;
				LastUpgradeCheck = 1130;
				ORGANIZATIONNAME = "Arun Amuri";
				TargetAttributes = {
					B689CD9623EFF50600009828 = {
						CreatedOnToolsVersion = 11.3.1;
					};
					B689CDAC23EFF50A00009828 = {
						CreatedOnToolsVersion = 11.3.1;
						TestTargetID = B689CD9623EFF50600009828;
					};
					B689CDB723EFF50A00009828 = {
						CreatedOnToolsVersion = 11.3.1;
						TestTargetID = B689CD9623EFF50600009828;
					};
				};
			};
			buildConfigurationList = B689CD9223EFF50600009828 /* Build configuration list for PBXProject "SampleApp" */;
			compatibilityVersion = "Xcode 9.3";
			developmentRegion = en;
			hasScannedForEncodings = 0;
			knownRegions = (
				en,
				Base,
			);
			mainGroup = B689CD8E23EFF50600009828;
			productRefGroup = B689CD9823EFF50600009828 /* Products */;
			projectDirPath = "";
			projectRoot = "";
			targets = (
				B689CD9623EFF50600009828 /* SampleApp */,
				B689CDAC23EFF50A00009828 /* SampleAppTests */,
				B689CDB723EFF50A00009828 /* SampleAppUITests */,
			);
		};
/* End PBXProject section */

/* Begin PBXResourcesBuildPhase section */
		B689CD9523EFF50600009828 /* Resources */ = {
			isa = PBXResourcesBuildPhase;
			buildActionMask = 2147483647;
			files = (
				B689CDA723EFF50A00009828 /* LaunchScreen.storyboard in Resources */,
				B689CDA423EFF50A00009828 /* Assets.xcassets in Resources */,
				B689CDA223EFF50600009828 /* Main.storyboard in Resources */,
			);
			runOnlyForDeploymentPostprocessing = 0;
		};
		B689CDAB23EFF50A00009828 /* Resources */ = {
			isa = PBXResourcesBuildPhase;
			buildActionMask = 2147483647;
			files = (
			);
			runOnlyForDeploymentPostprocessing = 0;
		};
		B689CDB623EFF50A00009828 /* Resources */ = {
			isa = PBXResourcesBuildPhase;
			buildActionMask = 2147483647;
			files = (
			);
			runOnlyForDeploymentPostprocessing = 0;
		};
/* End PBXResourcesBuildPhase section */

/* Begin PBXSourcesBuildPhase section */
		B689CD9323EFF50600009828 /* Sources */ = {
			isa = PBXSourcesBuildPhase;
			buildActionMask = 2147483647;
			files = (
				B689CD9F23EFF50600009828 /* ViewController.swift in Sources */,
				B689CD9B23EFF50600009828 /* AppDelegate.swift in Sources */,
				B689CD9D23EFF50600009828 /* SceneDelegate.swift in Sources */,
			);
			runOnlyForDeploymentPostprocessing = 0;
		};
		B689CDA923EFF50A00009828 /* Sources */ = {
			isa = PBXSourcesBuildPhase;
			buildActionMask = 2147483647;
			files = (
				B689CDB223EFF50A00009828 /* SampleAppTests.swift in Sources */,
			);
			runOnlyForDeploymentPostprocessing = 0;
		};
		B689CDB423EFF50A00009828 /* Sources */ = {
			isa = PBXSourcesBuildPhase;
			buildActionMask = 2147483647;
			files = (
				B689CDBD23EFF50A00009828 /* SampleAppUITests.swift in Sources */,
			);
			runOnlyForDeploymentPostprocessing = 0;
		};
/* End PBXSourcesBuildPhase section */

/* Begin PBXTargetDependency section */
		B689CDAF23EFF50A00009828 /* PBXTargetDependency */ = {
			isa = PBXTargetDependency;
			target = B689CD9623EFF50600009828 /* SampleApp */;
			targetProxy = B689CDAE23EFF50A00009828 /* PBXContainerItemProxy */;
		};
		B689CDBA23EFF50A00009828 /* PBXTargetDependency */ = {
			isa = PBXTargetDependency;
			target = B689CD9623EFF50600009828 /* SampleApp */;
			targetProxy = B689CDB923EFF50A00009828 /* PBXContainerItemProxy */;
		};
/* End PBXTargetDependency section */

/* Begin PBXVariantGroup section */
		B689CDA023EFF50600009828 /* Main.storyboard */ = {
			isa = PBXVariantGroup;
			children = (
				B689CDA123EFF50600009828 /* Base */,
			);
			name = Main.storyboard;
			sourceTree = "<group>";
		};
		B689CDA523EFF50A00009828 /* LaunchScreen.storyboard */ = {
			isa = PBXVariantGroup;
			children = (
				B689CDA623EFF50A00009828 /* Base */,
			);
			name = LaunchScreen.storyboard;
			sourceTree = "<group>";
		};
/* End PBXVariantGroup section */

/* Begin XCBuildConfiguration section */
		B689CDBF23EFF50A00009828 /* Debug */ = {
			isa = XCBuildConfiguration;
			buildSettings = {
				ALWAYS_SEARCH_USER_PATHS = NO;
				CLANG_ANALYZER_NONNULL = YES;
				CLANG_ANALYZER_NUMBER_OBJECT_CONVERSION = YES_AGGRESSIVE;
				CLANG_CXX_LANGUAGE_STANDARD = "gnu++14";
				CLANG_CXX_LIBRARY = "libc++";
				CLANG_ENABLE_MODULES = YES;
				CLANG_ENABLE_OBJC_ARC = YES;
				CLANG_ENABLE_OBJC_WEAK = YES;
				CLANG_WARN_BLOCK_CAPTURE_AUTORELEASING = YES;
				CLANG_WARN_BOOL_CONVERSION = YES;
				CLANG_WARN_COMMA = YES;
				CLANG_WARN_CONSTANT_CONVERSION = YES;
				CLANG_WARN_DEPRECATED_OBJC_IMPLEMENTATIONS = YES;
				CLANG_WARN_DIRECT_OBJC_ISA_USAGE = YES_ERROR;
				CLANG_WARN_DOCUMENTATION_COMMENTS = YES;
				CLANG_WARN_EMPTY_BODY = YES;
				CLANG_WARN_ENUM_CONVERSION = YES;
				CLANG_WARN_INFINITE_RECURSION = YES;
				CLANG_WARN_INT_CONVERSION = YES;
				CLANG_WARN_NON_LITERAL_NULL_CONVERSION = YES;
				CLANG_WARN_OBJC_IMPLICIT_RETAIN_SELF = YES;
				CLANG_WARN_OBJC_LITERAL_CONVERSION = YES;
				CLANG_WARN_OBJC_ROOT_CLASS = YES_ERROR;
				CLANG_WARN_RANGE_LOOP_ANALYSIS = YES;
				CLANG_WARN_STRICT_PROTOTYPES = YES;
				CLANG_WARN_SUSPICIOUS_MOVE = YES;
				CLANG_WARN_UNGUARDED_AVAILABILITY = YES_AGGRESSIVE;
				CLANG_WARN_UNREACHABLE_CODE = YES;
				CLANG_WARN__DUPLICATE_METHOD_MATCH = YES;
				COPY_PHASE_STRIP = NO;
				DEBUG_INFORMATION_FORMAT = dwarf;
				ENABLE_STRICT_OBJC_MSGSEND = YES;
				ENABLE_TESTABILITY = YES;
				GCC_C_LANGUAGE_STANDARD = gnu11;
				GCC_DYNAMIC_NO_PIC = NO;
				GCC_NO_COMMON_BLOCKS = YES;
				GCC_OPTIMIZATION_LEVEL = 0;
				GCC_PREPROCESSOR_DEFINITIONS = (
					"DEBUG=1",
					"$(inherited)",
				);
				GCC_WARN_64_TO_32_BIT_CONVERSION = YES;
				GCC_WARN_ABOUT_RETURN_TYPE = YES_ERROR;
				GCC_WARN_UNDECLARED_SELECTOR = YES;
				GCC_WARN_UNINITIALIZED_AUTOS = YES_AGGRESSIVE;
				GCC_WARN_UNUSED_FUNCTION = YES;
				GCC_WARN_UNUSED_VARIABLE = YES;
				IPHONEOS_DEPLOYMENT_TARGET = 13.2;
				MTL_ENABLE_DEBUG_INFO = INCLUDE_SOURCE;
				MTL_FAST_MATH = YES;
				ONLY_ACTIVE_ARCH = YES;
				SDKROOT = iphoneos;
				SWIFT_ACTIVE_COMPILATION_CONDITIONS = DEBUG;
				SWIFT_OPTIMIZATION_LEVEL = "-Onone";
			};
			name = Debug;
		};
		B689CDC023EFF50A00009828 /* Release */ = {
			isa = XCBuildConfiguration;
			buildSettings = {
				ALWAYS_SEARCH_USER_PATHS = NO;
				CLANG_ANALYZER_NONNULL = YES;
				CLANG_ANALYZER_NUMBER_OBJECT_CONVERSION = YES_AGGRESSIVE;
				CLANG_CXX_LANGUAGE_STANDARD = "gnu++14";
				CLANG_CXX_LIBRARY = "libc++";
				CLANG_ENABLE_MODULES = YES;
				CLANG_ENABLE_OBJC_ARC = YES;
				CLANG_ENABLE_OBJC_WEAK = YES;
				CLANG_WARN_BLOCK_CAPTURE_AUTORELEASING = YES;
				CLANG_WARN_BOOL_CONVERSION = YES;
				CLANG_WARN_COMMA = YES;
				CLANG_WARN_CONSTANT_CONVERSION = YES;
				CLANG_WARN_DEPRECATED_OBJC_IMPLEMENTATIONS = YES;
				CLANG_WARN_DIRECT_OBJC_ISA_USAGE = YES_ERROR;
				CLANG_WARN_DOCUMENTATION_COMMENTS = YES;
				CLANG_WARN_EMPTY_BODY = YES;
				CLANG_WARN_ENUM_CONVERSION = YES;
				CLANG_WARN_INFINITE_RECURSION = YES;
				CLANG_WARN_INT_CONVERSION = YES;
				CLANG_WARN_NON_LITERAL_NULL_CONVERSION = YES;
				CLANG_WARN_OBJC_IMPLICIT_RETAIN_SELF = YES;
				CLANG_WARN_OBJC_LITERAL_CONVERSION = YES;
				CLANG_WARN_OBJC_ROOT_CLASS = YES_ERROR;
				CLANG_WARN_RANGE_LOOP_ANALYSIS = YES;
				CLANG_WARN_STRICT_PROTOTYPES = YES;
				CLANG_WARN_SUSPICIOUS_MOVE = YES;
				CLANG_WARN_UNGUARDED_AVAILABILITY = YES_AGGRESSIVE;
				CLANG_WARN_UNREACHABLE_CODE = YES;
				CLANG_WARN__DUPLICATE_METHOD_MATCH = YES;
				COPY_PHASE_STRIP = NO;
				DEBUG_INFORMATION_FORMAT = "dwarf-with-dsym";
				ENABLE_NS_ASSERTIONS = NO;
				ENABLE_STRICT_OBJC_MSGSEND = YES;
				GCC_C_LANGUAGE_STANDARD = gnu11;
				GCC_NO_COMMON_BLOCKS = YES;
				GCC_WARN_64_TO_32_BIT_CONVERSION = YES;
				GCC_WARN_ABOUT_RETURN_TYPE = YES_ERROR;
				GCC_WARN_UNDECLARED_SELECTOR = YES;
				GCC_WARN_UNINITIALIZED_AUTOS = YES_AGGRESSIVE;
				GCC_WARN_UNUSED_FUNCTION = YES;
				GCC_WARN_UNUSED_VARIABLE = YES;
				IPHONEOS_DEPLOYMENT_TARGET = 13.2;
				MTL_ENABLE_DEBUG_INFO = NO;
				MTL_FAST_MATH = YES;
				SDKROOT = iphoneos;
				SWIFT_COMPILATION_MODE = wholemodule;
				SWIFT_OPTIMIZATION_LEVEL = "-O";
				VALIDATE_PRODUCT = YES;
			};
			name = Release;
		};
		B689CDC223EFF50A00009828 /* Debug */ = {
			isa = XCBuildConfiguration;
			buildSettings = {
				ASSETCATALOG_COMPILER_APPICON_NAME = AppIcon;
				CODE_SIGN_STYLE = Automatic;
				INFOPLIST_FILE = SampleApp/Info.plist;
				LD_RUNPATH_SEARCH_PATHS = (
					"$(inherited)",
					"@executable_path/Frameworks",
				);
				PRODUCT_BUNDLE_IDENTIFIER = test.SampleApp;
				PRODUCT_NAME = "$(TARGET_NAME)";
				SWIFT_VERSION = 5.0;
				TARGETED_DEVICE_FAMILY = "1,2";
			};
			name = Debug;
		};
		B689CDC323EFF50A00009828 /* Release */ = {
			isa = XCBuildConfiguration;
			buildSettings = {
				ASSETCATALOG_COMPILER_APPICON_NAME = AppIcon;
				CODE_SIGN_STYLE = Automatic;
				INFOPLIST_FILE = SampleApp/Info.plist;
				LD_RUNPATH_SEARCH_PATHS = (
					"$(inherited)",
					"@executable_path/Frameworks",
				);
				PRODUCT_BUNDLE_IDENTIFIER = test.SampleApp;
				PRODUCT_NAME = "$(TARGET_NAME)";
				SWIFT_VERSION = 5.0;
				TARGETED_DEVICE_FAMILY = "1,2";
			};
			name = Release;
		};
		B689CDC523EFF50A00009828 /* Debug */ = {
			isa = XCBuildConfiguration;
			buildSettings = {
				ALWAYS_EMBED_SWIFT_STANDARD_LIBRARIES = YES;
				BUNDLE_LOADER = "$(TEST_HOST)";
				CODE_SIGN_STYLE = Automatic;
				INFOPLIST_FILE = SampleAppTests/Info.plist;
				IPHONEOS_DEPLOYMENT_TARGET = 13.2;
				LD_RUNPATH_SEARCH_PATHS = (
					"$(inherited)",
					"@executable_path/Frameworks",
					"@loader_path/Frameworks",
				);
				PRODUCT_BUNDLE_IDENTIFIER = test.SampleAppTests;
				PRODUCT_NAME = "$(TARGET_NAME)";
				SWIFT_VERSION = 5.0;
				TARGETED_DEVICE_FAMILY = "1,2";
				TEST_HOST = "$(BUILT_PRODUCTS_DIR)/SampleApp.app/SampleApp";
			};
			name = Debug;
		};
		B689CDC623EFF50A00009828 /* Release */ = {
			isa = XCBuildConfiguration;
			buildSettings = {
				ALWAYS_EMBED_SWIFT_STANDARD_LIBRARIES = YES;
				BUNDLE_LOADER = "$(TEST_HOST)";
				CODE_SIGN_STYLE = Automatic;
				INFOPLIST_FILE = SampleAppTests/Info.plist;
				IPHONEOS_DEPLOYMENT_TARGET = 13.2;
				LD_RUNPATH_SEARCH_PATHS = (
					"$(inherited)",
					"@executable_path/Frameworks",
					"@loader_path/Frameworks",
				);
				PRODUCT_BUNDLE_IDENTIFIER = test.SampleAppTests;
				PRODUCT_NAME = "$(TARGET_NAME)";
				SWIFT_VERSION = 5.0;
				TARGETED_DEVICE_FAMILY = "1,2";
				TEST_HOST = "$(BUILT_PRODUCTS_DIR)/SampleApp.app/SampleApp";
			};
			name = Release;
		};
		B689CDC823EFF50A00009828 /* Debug */ = {
			isa = XCBuildConfiguration;
			buildSettings = {
				ALWAYS_EMBED_SWIFT_STANDARD_LIBRARIES = YES;
				CODE_SIGN_STYLE = Automatic;
				INFOPLIST_FILE = SampleAppUITests/Info.plist;
				LD_RUNPATH_SEARCH_PATHS = (
					"$(inherited)",
					"@executable_path/Frameworks",
					"@loader_path/Frameworks",
				);
				PRODUCT_BUNDLE_IDENTIFIER = test.SampleAppUITests;
				PRODUCT_NAME = "$(TARGET_NAME)";
				SWIFT_VERSION = 5.0;
				TARGETED_DEVICE_FAMILY = "1,2";
				TEST_TARGET_NAME = SampleApp;
			};
			name = Debug;
		};
		B689CDC923EFF50A00009828 /* Release */ = {
			isa = XCBuildConfiguration;
			buildSettings = {
				ALWAYS_EMBED_SWIFT_STANDARD_LIBRARIES = YES;
				CODE_SIGN_STYLE = Automatic;
				INFOPLIST_FILE = SampleAppUITests/Info.plist;
				LD_RUNPATH_SEARCH_PATHS = (
					"$(inherited)",
					"@executable_path/Frameworks",
					"@loader_path/Frameworks",
				);
				PRODUCT_BUNDLE_IDENTIFIER = test.SampleAppUITests;
				PRODUCT_NAME = "$(TARGET_NAME)";
				SWIFT_VERSION = 5.0;
				TARGETED_DEVICE_FAMILY = "1,2";
				TEST_TARGET_NAME = SampleApp;
			};
			name = Release;
		};
/* End XCBuildConfiguration section */

/* Begin XCConfigurationList section */
		B689CD9223EFF50600009828 /* Build configuration list for PBXProject "SampleApp" */ = {
			isa = XCConfigurationList;
			buildConfigurations = (
				B689CDBF23EFF50A00009828 /* Debug */,
				B689CDC023EFF50A00009828 /* Release */,
			);
			defaultConfigurationIsVisible = 0;
			defaultConfigurationName = Release;
		};
		B689CDC123EFF50A00009828 /* Build configuration list for PBXNativeTarget "SampleApp" */ = {
			isa = XCConfigurationList;
			buildConfigurations = (
				B689CDC223EFF50A00009828 /* Debug */,
				B689CDC323EFF50A00009828 /* Release */,
			);
			defaultConfigurationIsVisible = 0;
			defaultConfigurationName = Release;
		};
		B689CDC423EFF50A00009828 /* Build configuration list for PBXNativeTarget "SampleAppTests" */ = {
			isa = XCConfigurationList;
			buildConfigurations = (
				B689CDC523EFF50A00009828 /* Debug */,
				B689CDC623EFF50A00009828 /* Release */,
			);
			defaultConfigurationIsVisible = 0;
			defaultConfigurationName = Release;
		};
		B689CDC723EFF50A00009828 /* Build configuration list for PBXNativeTarget "SampleAppUITests" */ = {
			isa = XCConfigurationList;
			buildConfigurations = (
				B689CDC823EFF50A00009828 /* Debug */,
				B689CDC923EFF50A00009828 /* Release */,
			);
			defaultConfigurationIsVisible = 0;
			defaultConfigurationName = Release;
		};
/* End XCConfigurationList section */
	};
	rootObject = B689CD8F23EFF50600009828 /* Project object */;
}
